{
  "name": "weather",
  "version": "1.0.0",
  "lockfileVersion": 3,
  "requires": true,
  "packages": {
    "": {
      "name": "weather",
      "version": "1.0.0",
      "license": "ISC",
      "dependencies": {
        "image-js": "^0.0.0-next-3f36e575c9"
      }
    },
    "node_modules/@types/pako": {
      "version": "2.0.3",
      "resolved": "https://registry.npmjs.org/@types/pako/-/pako-2.0.3.tgz",
      "integrity": "sha512-bq0hMV9opAcrmE0Byyo0fY3Ew4tgOevJmQ9grUhpXQhYfyLJ1Kqg3P33JT5fdbT2AjeAjR51zqqVjAL/HMkx7Q=="
    },
    "node_modules/binary-search": {
      "version": "1.3.6",
      "resolved": "https://registry.npmjs.org/binary-search/-/binary-search-1.3.6.tgz",
      "integrity": "sha512-nbE1WxOTTrUWIfsfZ4aHGYu5DOuNkbxGokjV6Z2kxfJK3uaAb8zNK1muzOeipoLHZjInT4Br88BHpzevc681xA=="
    },
    "node_modules/bresenham-zingl": {
      "version": "0.1.1",
      "resolved": "https://registry.npmjs.org/bresenham-zingl/-/bresenham-zingl-0.1.1.tgz",
      "integrity": "sha512-qMFa7KwHPU+hL1OPt+rKmnflpvmhHjs16tPARc4Lv9dWaOK44CVPrpHVvx5u1xK5mIUgYf+GKVziu+Elej5KUA=="
    },
    "node_modules/cheminfo-types": {
      "version": "1.7.3",
      "resolved": "https://registry.npmjs.org/cheminfo-types/-/cheminfo-types-1.7.3.tgz",
      "integrity": "sha512-KIKBULfo+XwkSBwMfwjBmZCmY+RXisN2kRc33WikuWBsCQQy5alHWYVrMCO8//lDvy9h1giOzwsC9kgq0OahUw=="
    },
    "node_modules/colord": {
      "version": "2.9.3",
      "resolved": "https://registry.npmjs.org/colord/-/colord-2.9.3.tgz",
      "integrity": "sha512-jeC1axXpnb0/2nn/Y1LPuLdgXBLH7aDcHu4KEKfqw3CUhX7ZpfBSlPKyqXE6btIgEzfWtrX3/tyBCaCvXvMkOw=="
    },
    "node_modules/d3-array": {
      "version": "0.7.1",
      "resolved": "https://registry.npmjs.org/d3-array/-/d3-array-0.7.1.tgz",
      "integrity": "sha512-Ifi3fH46Bco+Lb1mOlTxbFEuF3NdyElEVVD+EmoK327I0JzKAP4x57cl+HoxHqFcVd8F/uXLC+wtY3n/R1uO2w=="
    },
    "node_modules/fast-jpeg": {
      "version": "2.0.0",
      "resolved": "https://registry.npmjs.org/fast-jpeg/-/fast-jpeg-2.0.0.tgz",
      "integrity": "sha512-wdSfL2v/5SZnT2odLaL+PbXwFVNE0u+Nwz2VD3bMDWMUQOb7cKmn5MJGlRvaLMqKxvhEIwfMHApJP7Mmkh60bg==",
      "dependencies": {
        "iobuffer": "^5.3.2",
        "tiff": "^5.0.3"
      }
    },
    "node_modules/fast-png": {
      "version": "6.2.0",
      "resolved": "https://registry.npmjs.org/fast-png/-/fast-png-6.2.0.tgz",
      "integrity": "sha512-fO4DewoEd9WwuP8DQcfj8Tlc88Jno6lJAjlDYzvJSqMIZwxUpRT4zuzPXgqygjJqngBdCbeQRaL/FVz3InExhA==",
      "dependencies": {
        "@types/pako": "^2.0.0",
        "iobuffer": "^5.3.2",
        "pako": "^2.1.0"
      }
    },
    "node_modules/fft.js": {
      "version": "4.0.4",
      "resolved": "https://registry.npmjs.org/fft.js/-/fft.js-4.0.4.tgz",
      "integrity": "sha512-f9c00hphOgeQTlDyavwTtu6RiK8AIFjD6+jvXkNkpeQ7rirK3uFWVpalkoS4LAwbdX7mfZ8aoBfFVQX1Re/8aw=="
    },
    "node_modules/file-type": {
      "version": "10.11.0",
      "resolved": "https://registry.npmjs.org/file-type/-/file-type-10.11.0.tgz",
      "integrity": "sha512-uzk64HRpUZyTGZtVuvrjP0FYxzQrBf4rojot6J65YMEbwBLB0CWm0CLojVpwpmFmxcE/lkvYICgfcGozbBq6rw==",
      "engines": {
        "node": ">=6"
      }
    },
    "node_modules/image-js": {
      "version": "0.0.0-next-3f36e575c9",
      "resolved": "https://registry.npmjs.org/image-js/-/image-js-0.0.0-next-3f36e575c9.tgz",
      "integrity": "sha512-sYSeXOT3kR8beDK3AYHq8X4J7HZutBQGLjPdwYRfgw33LzhUZP/FrethzdzgEgeHmKwhbgRNO1wBZu//ych8mA==",
      "dependencies": {
        "bresenham-zingl": "^0.1.1",
        "colord": "^2.9.3",
        "fast-jpeg": "^2.0.0",
        "fast-png": "^6.2.0",
        "image-type": "^4.1.0",
        "jpeg-js": "^0.4.4",
        "js-priority-queue": "^0.1.5",
        "median-quickselect": "^1.0.1",
        "ml-affine-transform": "^1.0.3",
        "ml-convolution": "^2.0.0",
        "ml-matrix": "^6.11.0",
        "ml-ransac": "^1.0.0",
        "ml-regression-multivariate-linear": "^2.0.4",
        "ml-spectra-processing": "^14.0.0",
        "robust-point-in-polygon": "^1.0.3",
        "ssim.js": "^3.5.0",
        "tiff": "^5.0.3"
      }
    },
    "node_modules/image-type": {
      "version": "4.1.0",
      "resolved": "https://registry.npmjs.org/image-type/-/image-type-4.1.0.tgz",
      "integrity": "sha512-CFJMJ8QK8lJvRlTCEgarL4ro6hfDQKif2HjSvYCdQZESaIPV4v9imrf7BQHK+sQeTeNeMpWciR9hyC/g8ybXEg==",
      "dependencies": {
        "file-type": "^10.10.0"
      },
      "engines": {
        "node": ">=6"
      }
    },
    "node_modules/iobuffer": {
      "version": "5.3.2",
      "resolved": "https://registry.npmjs.org/iobuffer/-/iobuffer-5.3.2.tgz",
      "integrity": "sha512-kO3CjNfLZ9t+tHxAMd+Xk4v3D/31E91rMs1dHrm7ikEQrlZ8mLDbQ4z3tZfDM48zOkReas2jx8MWSAmN9+c8Fw=="
    },
    "node_modules/is-any-array": {
      "version": "2.0.1",
      "resolved": "https://registry.npmjs.org/is-any-array/-/is-any-array-2.0.1.tgz",
      "integrity": "sha512-UtilS7hLRu++wb/WBAw9bNuP1Eg04Ivn1vERJck8zJthEvXCBEBpGR/33u/xLKWEQf95803oalHrVDptcAvFdQ=="
    },
    "node_modules/jpeg-js": {
      "version": "0.4.4",
      "resolved": "https://registry.npmjs.org/jpeg-js/-/jpeg-js-0.4.4.tgz",
      "integrity": "sha512-WZzeDOEtTOBK4Mdsar0IqEU5sMr3vSV2RqkAIzUEV2BHnUfKGyswWFPFwK5EeDo93K3FohSHbLAjj0s1Wzd+dg=="
    },
    "node_modules/js-priority-queue": {
      "version": "0.1.5",
      "resolved": "https://registry.npmjs.org/js-priority-queue/-/js-priority-queue-0.1.5.tgz",
      "integrity": "sha512-2dPmJT4GbXUpob7AZDR1wFMKz3Biy6oW69mwt5PTtdeoOgDin1i0p5gUV9k0LFeUxDpwkfr+JGMZDpcprjiY5w=="
    },
    "node_modules/median-quickselect": {
      "version": "1.0.1",
      "resolved": "https://registry.npmjs.org/median-quickselect/-/median-quickselect-1.0.1.tgz",
      "integrity": "sha512-/QL9ptNuLsdA68qO+2o10TKCyu621zwwTFdLvtu8rzRNKsn8zvuGoq/vDxECPyELFG8wu+BpyoMR9BnsJqfVZQ=="
    },
    "node_modules/ml-affine-transform": {
      "version": "1.0.3",
      "resolved": "https://registry.npmjs.org/ml-affine-transform/-/ml-affine-transform-1.0.3.tgz",
      "integrity": "sha512-uv13li9HOGuMdSKL+QEdaV25emO9kt17LzGCD+FLQrBsrU8p/r/3kS/GJ7xI+f3/aWghkBK733x0yBG6EwKFJA==",
      "dependencies": {
        "ml-matrix": "^6.10.4"
      }
    },
    "node_modules/ml-array-max": {
      "version": "1.2.4",
      "resolved": "https://registry.npmjs.org/ml-array-max/-/ml-array-max-1.2.4.tgz",
      "integrity": "sha512-BlEeg80jI0tW6WaPyGxf5Sa4sqvcyY6lbSn5Vcv44lp1I2GR6AWojfUvLnGTNsIXrZ8uqWmo8VcG1WpkI2ONMQ==",
      "dependencies": {
        "is-any-array": "^2.0.0"
      }
    },
    "node_modules/ml-array-median": {
      "version": "1.1.6",
      "resolved": "https://registry.npmjs.org/ml-array-median/-/ml-array-median-1.1.6.tgz",
      "integrity": "sha512-V6bV6bTPFRX8v5CaAx/7fuRXC39LLTHfPSVZZafdNaqNz2PFL5zEA7gesjv8dMXh+gwPeUMtB5QPovlTBaa4sw==",
      "dependencies": {
        "is-any-array": "^2.0.0",
        "median-quickselect": "^1.0.1"
      }
    },
    "node_modules/ml-array-min": {
      "version": "1.2.3",
      "resolved": "https://registry.npmjs.org/ml-array-min/-/ml-array-min-1.2.3.tgz",
      "integrity": "sha512-VcZ5f3VZ1iihtrGvgfh/q0XlMobG6GQ8FsNyQXD3T+IlstDv85g8kfV0xUG1QPRO/t21aukaJowDzMTc7j5V6Q==",
      "dependencies": {
        "is-any-array": "^2.0.0"
      }
    },
    "node_modules/ml-array-rescale": {
      "version": "1.3.7",
      "resolved": "https://registry.npmjs.org/ml-array-rescale/-/ml-array-rescale-1.3.7.tgz",
      "integrity": "sha512-48NGChTouvEo9KBctDfHC3udWnQKNKEWN0ziELvY3KG25GR5cA8K8wNVzracsqSW1QEkAXjTNx+ycgAv06/1mQ==",
      "dependencies": {
        "is-any-array": "^2.0.0",
        "ml-array-max": "^1.2.4",
        "ml-array-min": "^1.2.3"
      }
    },
    "node_modules/ml-convolution": {
      "version": "2.0.0",
      "resolved": "https://registry.npmjs.org/ml-convolution/-/ml-convolution-2.0.0.tgz",
      "integrity": "sha512-ExW6zVmN2YGuyO3aBiS1ymybme3nVgv2ccCfynSdgtW5sNp4DOHnfow4K/ErTDMQ1s9tINjv7kvzjnVhQHXJBA==",
      "dependencies": {
        "fft.js": "^4.0.3",
        "next-power-of-two": "^1.0.0"
      }
    },
    "node_modules/ml-matrix": {
      "version": "6.11.0",
      "resolved": "https://registry.npmjs.org/ml-matrix/-/ml-matrix-6.11.0.tgz",
      "integrity": "sha512-7jr9NmFRkaUxbKslfRu3aZOjJd2LkSitCGv+QH9PF0eJoEG7jIpjXra1Vw8/kgao8+kHCSsJONG6vfWmXQ+/Eg==",
      "dependencies": {
        "is-any-array": "^2.0.1",
        "ml-array-rescale": "^1.3.7"
      }
    },
    "node_modules/ml-random": {
      "version": "0.5.0",
      "resolved": "https://registry.npmjs.org/ml-random/-/ml-random-0.5.0.tgz",
      "integrity": "sha512-zLJBmNb34LOz+vN6BD8l3aYm/VWYWbmAunrLMPs4dHf4gTl8BWlhil72j56HubPg86zrXioIs4qoHq7Topy6tw==",
      "dependencies": {
        "ml-xsadd": "^2.0.0"
      }
    },
    "node_modules/ml-ransac": {
      "version": "1.0.0",
      "resolved": "https://registry.npmjs.org/ml-ransac/-/ml-ransac-1.0.0.tgz",
      "integrity": "sha512-fGi45s7T5+BEqdb5JqZC699w2riy6j0tzuZ2ZP63xavRa/yVKQIbUbj4XiE4XMr9T7HSiq1D9y0uybiyikDPvA==",
      "dependencies": {
        "ml-array-median": "^1.1.6",
        "ml-matrix": "^6.10.4",
        "ml-random": "^0.5.0"
      }
    },
    "node_modules/ml-regression-multivariate-linear": {
      "version": "2.0.4",
      "resolved": "https://registry.npmjs.org/ml-regression-multivariate-linear/-/ml-regression-multivariate-linear-2.0.4.tgz",
      "integrity": "sha512-/vShPAlP+mB7P2mC5TuXwObSJNl/UBI71/bszt9ilTg6yLKy6btDLpAYyJNa6t+JnL5a7q+Yy4dCltfpvqXRIw==",
      "dependencies": {
        "ml-matrix": "^6.10.1"
      }
    },
    "node_modules/ml-spectra-processing": {
      "version": "14.2.2",
      "resolved": "https://registry.npmjs.org/ml-spectra-processing/-/ml-spectra-processing-14.2.2.tgz",
      "integrity": "sha512-N4MFs5DW+H+Cu3txjwDNNFlKDTuVVYmrQJhs8qGBZ9KyMunwfBAHcoRS9M7minmxpUDJxJ8UgI72ZKB1SK4ysQ==",
      "dependencies": {
        "binary-search": "^1.3.6",
        "cheminfo-types": "^1.7.3",
        "fft.js": "^4.0.4",
        "is-any-array": "^2.0.1",
        "ml-matrix": "^6.11.0",
        "ml-xsadd": "^2.0.0",
        "spline-interpolator": "^1.0.0"
      }
    },
    "node_modules/ml-xsadd": {
      "version": "2.0.0",
      "resolved": "https://registry.npmjs.org/ml-xsadd/-/ml-xsadd-2.0.0.tgz",
      "integrity": "sha512-VoAYUqmPRmzKbbqRejjqceGFp3VF81Qe8XXFGU0UXLxB7Mf4GGvyGq5Qn3k4AiQgDEV6WzobqlPOd+j0+m6IrA=="
    },
    "node_modules/next-power-of-two": {
      "version": "1.0.0",
      "resolved": "https://registry.npmjs.org/next-power-of-two/-/next-power-of-two-1.0.0.tgz",
      "integrity": "sha512-+z6QY1SxkDk6CQJAeaIZKmcNubBCRP7J8DMQUBglz/sSkNsZoJ1kULjqk9skNPPplzs4i9PFhYrvNDdtQleF/A=="
    },
    "node_modules/pako": {
      "version": "2.1.0",
      "resolved": "https://registry.npmjs.org/pako/-/pako-2.1.0.tgz",
      "integrity": "sha512-w+eufiZ1WuJYgPXbV/PO3NCMEc3xqylkKHzp8bxp1uW4qaSNQUkwmLLEc3kKsfz8lpV1F8Ht3U1Cm+9Srog2ug=="
    },
    "node_modules/robust-orientation": {
      "version": "1.2.1",
      "resolved": "https://registry.npmjs.org/robust-orientation/-/robust-orientation-1.2.1.tgz",
      "integrity": "sha512-FuTptgKwY6iNuU15nrIJDLjXzCChWB+T4AvksRtwPS/WZ3HuP1CElCm1t+OBfgQKfWbtZIawip+61k7+buRKAg==",
      "dependencies": {
        "robust-scale": "^1.0.2",
        "robust-subtract": "^1.0.0",
        "robust-sum": "^1.0.0",
        "two-product": "^1.0.2"
      }
    },
    "node_modules/robust-point-in-polygon": {
      "version": "1.0.3",
      "resolved": "https://registry.npmjs.org/robust-point-in-polygon/-/robust-point-in-polygon-1.0.3.tgz",
      "integrity": "sha512-pPzz7AevOOcPYnFv4Vs5L0C7BKOq6C/TfAw5EUE58CylbjGiPyMjAnPLzzSuPZ2zftUGwWbmLWPOjPOz61tAcA==",
      "dependencies": {
        "robust-orientation": "^1.0.2"
      }
    },
    "node_modules/robust-scale": {
      "version": "1.0.2",
      "resolved": "https://registry.npmjs.org/robust-scale/-/robust-scale-1.0.2.tgz",
      "integrity": "sha512-jBR91a/vomMAzazwpsPTPeuTPPmWBacwA+WYGNKcRGSh6xweuQ2ZbjRZ4v792/bZOhRKXRiQH0F48AvuajY0tQ==",
      "dependencies": {
        "two-product": "^1.0.2",
        "two-sum": "^1.0.0"
      }
    },
    "node_modules/robust-subtract": {
      "version": "1.0.0",
      "resolved": "https://registry.npmjs.org/robust-subtract/-/robust-subtract-1.0.0.tgz",
      "integrity": "sha512-xhKUno+Rl+trmxAIVwjQMiVdpF5llxytozXJOdoT4eTIqmqsndQqFb1A0oiW3sZGlhMRhOi6pAD4MF1YYW6o/A=="
    },
    "node_modules/robust-sum": {
      "version": "1.0.0",
      "resolved": "https://registry.npmjs.org/robust-sum/-/robust-sum-1.0.0.tgz",
      "integrity": "sha512-AvLExwpaqUqD1uwLU6MwzzfRdaI6VEZsyvQ3IAQ0ZJ08v1H+DTyqskrf2ZJyh0BDduFVLN7H04Zmc+qTiahhAw=="
    },
    "node_modules/spline-interpolator": {
      "version": "1.0.0",
      "resolved": "https://registry.npmjs.org/spline-interpolator/-/spline-interpolator-1.0.0.tgz",
      "integrity": "sha512-s8lowgsWE5wjHGEsk/4VADp7xAHw+pNy3OGp96fYjVTwLSx/83+BBmTFP2wZDRM0kj45q8zSyOV5fUcGn4hLEw==",
      "dependencies": {
        "d3-array": "^0.7.1"
      }
    },
    "node_modules/ssim.js": {
      "version": "3.5.0",
      "resolved": "https://registry.npmjs.org/ssim.js/-/ssim.js-3.5.0.tgz",
      "integrity": "sha512-Aj6Jl2z6oDmgYFFbQqK7fght19bXdOxY7Tj03nF+03M9gCBAjeIiO8/PlEGMfKDwYpw4q6iBqVq2YuREorGg/g=="
    },
    "node_modules/tiff": {
      "version": "5.0.3",
      "resolved": "https://registry.npmjs.org/tiff/-/tiff-5.0.3.tgz",
      "integrity": "sha512-R0WckwRGhawWDNdha8iPQCjHyOiaEEmfFjhmalUVCIEELsON7Y/XO3eeGmBkoCXQp0Gg2nmTozN92Z4hlwbsow==",
      "dependencies": {
        "iobuffer": "^5.0.4",
        "pako": "^2.0.4"
      }
    },
    "node_modules/two-product": {
      "version": "1.0.2",
      "resolved": "https://registry.npmjs.org/two-product/-/two-product-1.0.2.tgz",
      "integrity": "sha512-vOyrqmeYvzjToVM08iU52OFocWT6eB/I5LUWYnxeAPGXAhAxXYU/Yr/R2uY5/5n4bvJQL9AQulIuxpIsMoT8XQ=="
    },
    "node_modules/two-sum": {
      "version": "1.0.0",
      "resolved": "https://registry.npmjs.org/two-sum/-/two-sum-1.0.0.tgz",
      "integrity": "sha512-phP48e8AawgsNUjEY2WvoIWqdie8PoiDZGxTDv70LDr01uX5wLEQbOgSP7Z/B6+SW5oLtbe8qaYX2fKJs3CGTw=="
    }
  }
}
